
Microsoft Visual Studio Solution File, Format Version 12.00
# Visual Studio 15
Project("{FAE04EC0-301F-11D3-BF4B-00C04F79EFBC}") = "Assembly-CSharp", "Assembly-CSharp.csproj", "{31195716-DBB2-A62B-25DE-BF43D4F52566}"
EndProject
Project("{FAE04EC0-301F-11D3-BF4B-00C04F79EFBC}") = "Assembly-CSharp-firstpass", "Assembly-CSharp-firstpass.csproj", "{11E490B4-74EB-E627-3296-9778FF22A6A1}"
EndProject
Global
	GlobalSection(SolutionConfigurationPlatforms) = preSolution
		Debug|Any CPU = Debug|Any CPU
		Release|Any CPU = Release|Any CPU
	EndGlobalSection
	GlobalSection(ProjectConfigurationPlatforms) = postSolution
		{31195716-DBB2-A62B-25DE-BF43D4F52566}.Debug|Any CPU.ActiveCfg = Debug|Any CPU
		{31195716-DBB2-A62B-25DE-BF43D4F52566}.Debug|Any CPU.Build.0 = Debug|Any CPU
		{31195716-DBB2-A62B-25DE-BF43D4F52566}.Release|Any CPU.ActiveCfg = Release|Any CPU
		{31195716-DBB2-A62B-25DE-BF43D4F52566}.Release|Any CPU.Build.0 = Release|Any CPU
		{11E490B4-74EB-E627-3296-9778FF22A6A1}.Debug|Any CPU.ActiveCfg = Debug|Any CPU
		{11E490B4-74EB-E627-3296-9778FF22A6A1}.Debug|Any CPU.Build.0 = Debug|Any CPU
		{11E490B4-74EB-E627-3296-9778FF22A6A1}.Release|Any CPU.ActiveCfg = Release|Any CPU
		{11E490B4-74EB-E627-3296-9778FF22A6A1}.Release|Any CPU.Build.0 = Release|Any CPU
	EndGlobalSection
	GlobalSection(SolutionProperties) = preSolution
		HideSolutionNode = FALSE
	EndGlobalSection
EndGlobal
